
Microsoft Visual Studio Solution File, Format Version 12.00
# Visual Studio Version 17
VisualStudioVersion = 17.6.33829.357
MinimumVisualStudioVersion = 10.0.40219.1
Project("{FAE04EC0-301F-11D3-BF4B-00C04F79EFBC}") = "abstractions", "abstractions\abstractions.csproj", "{9C59DE75-9917-4B8F-A449-D16A7AF6FE47}"
EndProject
Global
	GlobalSection(SolutionConfigurationPlatforms) = preSolution
		Debug|Any CPU = Debug|Any CPU
		Release|Any CPU = Release|Any CPU
	EndGlobalSection
	GlobalSection(ProjectConfigurationPlatforms) = postSolution
		{9C59DE75-9917-4B8F-A449-D16A7AF6FE47}.Debug|Any CPU.ActiveCfg = Debug|Any CPU
		{9C59DE75-9917-4B8F-A449-D16A7AF6FE47}.Debug|Any CPU.Build.0 = Debug|Any CPU
		{9C59DE75-9917-4B8F-A449-D16A7AF6FE47}.Release|Any CPU.ActiveCfg = Release|Any CPU
		{9C59DE75-9917-4B8F-A449-D16A7AF6FE47}.Release|Any CPU.Build.0 = Release|Any CPU
	EndGlobalSection
	GlobalSection(SolutionProperties) = preSolution
		HideSolutionNode = FALSE
	EndGlobalSection
	GlobalSection(ExtensibilityGlobals) = postSolution
		SolutionGuid = {F37EBA99-8EE4-4E3F-B144-CE1B58ED5F1F}
	EndGlobalSection
EndGlobal
