
Microsoft Visual Studio Solution File, Format Version 12.00
# Visual Studio Version 17
VisualStudioVersion = 17.6.33829.357
MinimumVisualStudioVersion = 10.0.40219.1
Project("{FAE04EC0-301F-11D3-BF4B-00C04F79EFBC}") = "CRUD", "CRUD\CRUD.csproj", "{87931535-C76F-4690-AD5F-F4BE291F8FB4}"
EndProject
Global
	GlobalSection(SolutionConfigurationPlatforms) = preSolution
		Debug|Any CPU = Debug|Any CPU
		Release|Any CPU = Release|Any CPU
	EndGlobalSection
	GlobalSection(ProjectConfigurationPlatforms) = postSolution
		{87931535-C76F-4690-AD5F-F4BE291F8FB4}.Debug|Any CPU.ActiveCfg = Debug|Any CPU
		{87931535-C76F-4690-AD5F-F4BE291F8FB4}.Debug|Any CPU.Build.0 = Debug|Any CPU
		{87931535-C76F-4690-AD5F-F4BE291F8FB4}.Release|Any CPU.ActiveCfg = Release|Any CPU
		{87931535-C76F-4690-AD5F-F4BE291F8FB4}.Release|Any CPU.Build.0 = Release|Any CPU
	EndGlobalSection
	GlobalSection(SolutionProperties) = preSolution
		HideSolutionNode = FALSE
	EndGlobalSection
	GlobalSection(ExtensibilityGlobals) = postSolution
		SolutionGuid = {6ACBE829-A858-4A76-A24D-8B91D7F96E0E}
	EndGlobalSection
EndGlobal
