
Microsoft Visual Studio Solution File, Format Version 12.00
# Visual Studio Version 17
VisualStudioVersion = 17.6.33829.357
MinimumVisualStudioVersion = 10.0.40219.1
Project("{FAE04EC0-301F-11D3-BF4B-00C04F79EFBC}") = "Project1", "Project1\Project1.csproj", "{0CDE16BC-9ABA-4734-9BE1-902411FE42EC}"
EndProject
Global
	GlobalSection(SolutionConfigurationPlatforms) = preSolution
		Debug|Any CPU = Debug|Any CPU
		Release|Any CPU = Release|Any CPU
	EndGlobalSection
	GlobalSection(ProjectConfigurationPlatforms) = postSolution
		{0CDE16BC-9ABA-4734-9BE1-902411FE42EC}.Debug|Any CPU.ActiveCfg = Debug|Any CPU
		{0CDE16BC-9ABA-4734-9BE1-902411FE42EC}.Debug|Any CPU.Build.0 = Debug|Any CPU
		{0CDE16BC-9ABA-4734-9BE1-902411FE42EC}.Release|Any CPU.ActiveCfg = Release|Any CPU
		{0CDE16BC-9ABA-4734-9BE1-902411FE42EC}.Release|Any CPU.Build.0 = Release|Any CPU
	EndGlobalSection
	GlobalSection(SolutionProperties) = preSolution
		HideSolutionNode = FALSE
	EndGlobalSection
	GlobalSection(ExtensibilityGlobals) = postSolution
		SolutionGuid = {70E596E6-D4BF-4B87-B43A-DDF4E3D8967C}
	EndGlobalSection
EndGlobal
