
Microsoft Visual Studio Solution File, Format Version 12.00
# Visual Studio Version 17
VisualStudioVersion = 17.6.33829.357
MinimumVisualStudioVersion = 10.0.40219.1
Project("{FAE04EC0-301F-11D3-BF4B-00C04F79EFBC}") = "Day4", "Day4\Day4.csproj", "{54B01FE4-EFA5-44E8-B7C6-2B7B3F1A4CAF}"
EndProject
Global
	GlobalSection(SolutionConfigurationPlatforms) = preSolution
		Debug|Any CPU = Debug|Any CPU
		Release|Any CPU = Release|Any CPU
	EndGlobalSection
	GlobalSection(ProjectConfigurationPlatforms) = postSolution
		{54B01FE4-EFA5-44E8-B7C6-2B7B3F1A4CAF}.Debug|Any CPU.ActiveCfg = Debug|Any CPU
		{54B01FE4-EFA5-44E8-B7C6-2B7B3F1A4CAF}.Debug|Any CPU.Build.0 = Debug|Any CPU
		{54B01FE4-EFA5-44E8-B7C6-2B7B3F1A4CAF}.Release|Any CPU.ActiveCfg = Release|Any CPU
		{54B01FE4-EFA5-44E8-B7C6-2B7B3F1A4CAF}.Release|Any CPU.Build.0 = Release|Any CPU
	EndGlobalSection
	GlobalSection(SolutionProperties) = preSolution
		HideSolutionNode = FALSE
	EndGlobalSection
	GlobalSection(ExtensibilityGlobals) = postSolution
		SolutionGuid = {BE1002CD-BB50-4476-93C4-94EB66C7E0B4}
	EndGlobalSection
EndGlobal
